
Microsoft Visual Studio Solution File, Format Version 12.00
# Visual Studio Version 16
VisualStudioVersion = 16.0.30204.135
MinimumVisualStudioVersion = 10.0.40219.1
Project("{FAE04EC0-301F-11D3-BF4B-00C04F79EFBC}") = "USB2RS485_PC_Receive", "USB2RS485_PC_Receive.csproj", "{DF00F870-F921-4EEA-B8FD-B4AD3AFA42E6}"
EndProject
Global
	GlobalSection(SolutionConfigurationPlatforms) = preSolution
		Debug|Any CPU = Debug|Any CPU
		Release|Any CPU = Release|Any CPU
	EndGlobalSection
	GlobalSection(ProjectConfigurationPlatforms) = postSolution
		{DF00F870-F921-4EEA-B8FD-B4AD3AFA42E6}.Debug|Any CPU.ActiveCfg = Debug|Any CPU
		{DF00F870-F921-4EEA-B8FD-B4AD3AFA42E6}.Debug|Any CPU.Build.0 = Debug|Any CPU
		{DF00F870-F921-4EEA-B8FD-B4AD3AFA42E6}.Release|Any CPU.ActiveCfg = Release|Any CPU
		{DF00F870-F921-4EEA-B8FD-B4AD3AFA42E6}.Release|Any CPU.Build.0 = Release|Any CPU
	EndGlobalSection
	GlobalSection(SolutionProperties) = preSolution
		HideSolutionNode = FALSE
	EndGlobalSection
	GlobalSection(ExtensibilityGlobals) = postSolution
		SolutionGuid = {4B6AD65F-62A5-4C3E-8B7C-BE05B243DF01}
	EndGlobalSection
EndGlobal
